
Microsoft Visual Studio Solution File, Format Version 12.00
# Visual Studio Version 16
VisualStudioVersion = 16.0.30804.86
MinimumVisualStudioVersion = 10.0.40219.1
Project("{8BC9CEB8-8B4A-11D0-8D11-00A0C91BC942}") = "permutation.project", "permutation.project\permutation.project.vcxproj", "{4BE5CC64-3A8F-4E1C-BA81-0EBE3A66D599}"
EndProject
Global
	GlobalSection(SolutionConfigurationPlatforms) = preSolution
		Debug|x64 = Debug|x64
		Debug|x86 = Debug|x86
		Release|x64 = Release|x64
		Release|x86 = Release|x86
	EndGlobalSection
	GlobalSection(ProjectConfigurationPlatforms) = postSolution
		{4BE5CC64-3A8F-4E1C-BA81-0EBE3A66D599}.Debug|x64.ActiveCfg = Debug|x64
		{4BE5CC64-3A8F-4E1C-BA81-0EBE3A66D599}.Debug|x64.Build.0 = Debug|x64
		{4BE5CC64-3A8F-4E1C-BA81-0EBE3A66D599}.Debug|x86.ActiveCfg = Debug|Win32
		{4BE5CC64-3A8F-4E1C-BA81-0EBE3A66D599}.Debug|x86.Build.0 = Debug|Win32
		{4BE5CC64-3A8F-4E1C-BA81-0EBE3A66D599}.Release|x64.ActiveCfg = Release|x64
		{4BE5CC64-3A8F-4E1C-BA81-0EBE3A66D599}.Release|x64.Build.0 = Release|x64
		{4BE5CC64-3A8F-4E1C-BA81-0EBE3A66D599}.Release|x86.ActiveCfg = Release|Win32
		{4BE5CC64-3A8F-4E1C-BA81-0EBE3A66D599}.Release|x86.Build.0 = Release|Win32
	EndGlobalSection
	GlobalSection(SolutionProperties) = preSolution
		HideSolutionNode = FALSE
	EndGlobalSection
	GlobalSection(ExtensibilityGlobals) = postSolution
		SolutionGuid = {41D7BA21-C003-4935-99AA-B4F459B7018C}
	EndGlobalSection
EndGlobal
